
Microsoft Visual Studio Solution File, Format Version 12.00
# Visual Studio Version 16
VisualStudioVersion = 16.0.29926.136
MinimumVisualStudioVersion = 10.0.40219.1
Project("{FAE04EC0-301F-11D3-BF4B-00C04F79EFBC}") = "WpfMvvmWeatherApp", "WpfMvvmWeatherApp\WpfMvvmWeatherApp.csproj", "{8FEE79C3-78A1-4302-A159-1CC54698E75B}"
EndProject
Global
	GlobalSection(SolutionConfigurationPlatforms) = preSolution
		Debug|Any CPU = Debug|Any CPU
		Release|Any CPU = Release|Any CPU
	EndGlobalSection
	GlobalSection(ProjectConfigurationPlatforms) = postSolution
		{8FEE79C3-78A1-4302-A159-1CC54698E75B}.Debug|Any CPU.ActiveCfg = Debug|Any CPU
		{8FEE79C3-78A1-4302-A159-1CC54698E75B}.Debug|Any CPU.Build.0 = Debug|Any CPU
		{8FEE79C3-78A1-4302-A159-1CC54698E75B}.Release|Any CPU.ActiveCfg = Release|Any CPU
		{8FEE79C3-78A1-4302-A159-1CC54698E75B}.Release|Any CPU.Build.0 = Release|Any CPU
	EndGlobalSection
	GlobalSection(SolutionProperties) = preSolution
		HideSolutionNode = FALSE
	EndGlobalSection
	GlobalSection(ExtensibilityGlobals) = postSolution
		SolutionGuid = {7C60B173-1231-4EC2-8B68-CC0EE30ECA74}
	EndGlobalSection
EndGlobal
